
Microsoft Visual Studio Solution File, Format Version 12.00
# Visual Studio Version 17
VisualStudioVersion = 17.6.33815.320
MinimumVisualStudioVersion = 10.0.40219.1
Project("{FAE04EC0-301F-11D3-BF4B-00C04F79EFBC}") = "Test19July", "Test19July\Test19July.csproj", "{83ED34A5-5327-4CC0-B126-5D8A8F197ED3}"
EndProject
Global
	GlobalSection(SolutionConfigurationPlatforms) = preSolution
		Debug|Any CPU = Debug|Any CPU
		Release|Any CPU = Release|Any CPU
	EndGlobalSection
	GlobalSection(ProjectConfigurationPlatforms) = postSolution
		{83ED34A5-5327-4CC0-B126-5D8A8F197ED3}.Debug|Any CPU.ActiveCfg = Debug|Any CPU
		{83ED34A5-5327-4CC0-B126-5D8A8F197ED3}.Debug|Any CPU.Build.0 = Debug|Any CPU
		{83ED34A5-5327-4CC0-B126-5D8A8F197ED3}.Release|Any CPU.ActiveCfg = Release|Any CPU
		{83ED34A5-5327-4CC0-B126-5D8A8F197ED3}.Release|Any CPU.Build.0 = Release|Any CPU
	EndGlobalSection
	GlobalSection(SolutionProperties) = preSolution
		HideSolutionNode = FALSE
	EndGlobalSection
	GlobalSection(ExtensibilityGlobals) = postSolution
		SolutionGuid = {51A456DA-D3F3-449A-AA86-0218FE865C07}
	EndGlobalSection
EndGlobal
